
Microsoft Visual Studio Solution File, Format Version 12.00
# Visual Studio 15
VisualStudioVersion = 15.0.28307.1209
MinimumVisualStudioVersion = 10.0.40219.1
Project("{FAE04EC0-301F-11D3-BF4B-00C04F79EFBC}") = "CheckOpenXML", "CheckOpenXML\CheckOpenXML.csproj", "{246A8F8F-F5A7-4B05-B05E-54E9A552435F}"
EndProject
Global
	GlobalSection(SolutionConfigurationPlatforms) = preSolution
		Debug|Any CPU = Debug|Any CPU
		Release|Any CPU = Release|Any CPU
	EndGlobalSection
	GlobalSection(ProjectConfigurationPlatforms) = postSolution
		{246A8F8F-F5A7-4B05-B05E-54E9A552435F}.Debug|Any CPU.ActiveCfg = Debug|Any CPU
		{246A8F8F-F5A7-4B05-B05E-54E9A552435F}.Debug|Any CPU.Build.0 = Debug|Any CPU
		{246A8F8F-F5A7-4B05-B05E-54E9A552435F}.Release|Any CPU.ActiveCfg = Release|Any CPU
		{246A8F8F-F5A7-4B05-B05E-54E9A552435F}.Release|Any CPU.Build.0 = Release|Any CPU
	EndGlobalSection
	GlobalSection(SolutionProperties) = preSolution
		HideSolutionNode = FALSE
	EndGlobalSection
	GlobalSection(ExtensibilityGlobals) = postSolution
		SolutionGuid = {B1869871-2330-48B7-B564-FCAAB324880E}
	EndGlobalSection
EndGlobal
